// !$*UTF8*$!
{
	archiveVersion = 1;
	classes = {
	};
	objectVersion = 77;
	objects = {

/* Begin PBXBuildFile section */
		1AE34F253F82E4D629F362FB /* ContentView.swift in Sources */ = {isa = PBXBuildFile; fileRef = 443C1D4A974622069FC492D5 /* ContentView.swift */; };
		29E15C907771E224B95A17B1 /* DemoScenario.swift in Sources */ = {isa = PBXBuildFile; fileRef = 05720024B20BF468FA44DF03 /* DemoScenario.swift */; };
		3BE2E37BA54363F8724178EA /* CodableDefault in Frameworks */ = {isa = PBXBuildFile; productRef = 97C21E4F75964031D011F311 /* CodableDefault */; };
		692C9C5E2364397917837D3F /* Assets.xcassets in Resources */ = {isa = PBXBuildFile; fileRef = EADF09A1A9860D1D6B866B17 /* Assets.xcassets */; };
		748E5272EDE06A6705F98B35 /* DemoModels.swift in Sources */ = {isa = PBXBuildFile; fileRef = DCAE49287FE87CE6D329F9E4 /* DemoModels.swift */; };
		A77518F0014ADC8427E496BF /* CodableDefaultDemoApp.swift in Sources */ = {isa = PBXBuildFile; fileRef = FA9292408B5F0C4AC2892615 /* CodableDefaultDemoApp.swift */; };
		F59D98D077A6EE9AFFE577E6 /* ScenarioDetailView.swift in Sources */ = {isa = PBXBuildFile; fileRef = 798C26AC7A3E49DE20A86BBE /* ScenarioDetailView.swift */; };
/* End PBXBuildFile section */

/* Begin PBXFileReference section */
		05720024B20BF468FA44DF03 /* DemoScenario.swift */ = {isa = PBXFileReference; lastKnownFileType = sourcecode.swift; path = DemoScenario.swift; sourceTree = "<group>"; };
		379F828130DB0CDE9938A14D /* CodableDefault */ = {isa = PBXFileReference; lastKnownFileType = folder; name = CodableDefault; path = ../..; sourceTree = SOURCE_ROOT; };
		443C1D4A974622069FC492D5 /* ContentView.swift */ = {isa = PBXFileReference; lastKnownFileType = sourcecode.swift; path = ContentView.swift; sourceTree = "<group>"; };
		798C26AC7A3E49DE20A86BBE /* ScenarioDetailView.swift */ = {isa = PBXFileReference; lastKnownFileType = sourcecode.swift; path = ScenarioDetailView.swift; sourceTree = "<group>"; };
		DCAE49287FE87CE6D329F9E4 /* DemoModels.swift */ = {isa = PBXFileReference; lastKnownFileType = sourcecode.swift; path = DemoModels.swift; sourceTree = "<group>"; };
		DFCF100E959DE56681B85E9C /* CodableDefaultDemo.app */ = {isa = PBXFileReference; includeInIndex = 0; lastKnownFileType = wrapper.application; path = CodableDefaultDemo.app; sourceTree = BUILT_PRODUCTS_DIR; };
		EADF09A1A9860D1D6B866B17 /* Assets.xcassets */ = {isa = PBXFileReference; lastKnownFileType = folder.assetcatalog; path = Assets.xcassets; sourceTree = "<group>"; };
		FA9292408B5F0C4AC2892615 /* CodableDefaultDemoApp.swift */ = {isa = PBXFileReference; lastKnownFileType = sourcecode.swift; path = CodableDefaultDemoApp.swift; sourceTree = "<group>"; };
/* End PBXFileReference section */

/* Begin PBXFrameworksBuildPhase section */
		3C021B78C061C9E56E813E29 /* Frameworks */ = {
			isa = PBXFrameworksBuildPhase;
			buildActionMask = 2147483647;
			files = (
				3BE2E37BA54363F8724178EA /* CodableDefault in Frameworks */,
			);
			runOnlyForDeploymentPostprocessing = 0;
		};
/* End PBXFrameworksBuildPhase section */

/* Begin PBXGroup section */
		53EBEBA706B2B130970E51F2 /* Products */ = {
			isa = PBXGroup;
			children = (
				DFCF100E959DE56681B85E9C /* CodableDefaultDemo.app */,
			);
			name = Products;
			sourceTree = "<group>";
		};
		B0F54346B5A9181E0ECE65BA = {
			isa = PBXGroup;
			children = (
				BB7710627D9E0E4C3460E710 /* CodableDefaultDemo */,
				C83B644C07418346EBB2E25D /* Packages */,
				53EBEBA706B2B130970E51F2 /* Products */,
			);
			sourceTree = "<group>";
		};
		BB7710627D9E0E4C3460E710 /* CodableDefaultDemo */ = {
			isa = PBXGroup;
			children = (
				EADF09A1A9860D1D6B866B17 /* Assets.xcassets */,
				FA9292408B5F0C4AC2892615 /* CodableDefaultDemoApp.swift */,
				443C1D4A974622069FC492D5 /* ContentView.swift */,
				DCAE49287FE87CE6D329F9E4 /* DemoModels.swift */,
				05720024B20BF468FA44DF03 /* DemoScenario.swift */,
				798C26AC7A3E49DE20A86BBE /* ScenarioDetailView.swift */,
			);
			path = CodableDefaultDemo;
			sourceTree = "<group>";
		};
		C83B644C07418346EBB2E25D /* Packages */ = {
			isa = PBXGroup;
			children = (
				379F828130DB0CDE9938A14D /* CodableDefault */,
			);
			name = Packages;
			sourceTree = "<group>";
		};
/* End PBXGroup section */

/* Begin PBXNativeTarget section */
		8592983D68A7A737826C1AA1 /* CodableDefaultDemo */ = {
			isa = PBXNativeTarget;
			buildConfigurationList = 0CC7B1C73EF4EAFB838FD382 /* Build configuration list for PBXNativeTarget "CodableDefaultDemo" */;
			buildPhases = (
				03FFA47E2EC37FA574851C1C /* Sources */,
				52D505F8F6536274AE9669AB /* Resources */,
				3C021B78C061C9E56E813E29 /* Frameworks */,
			);
			buildRules = (
			);
			dependencies = (
			);
			name = CodableDefaultDemo;
			packageProductDependencies = (
				97C21E4F75964031D011F311 /* CodableDefault */,
			);
			productName = CodableDefaultDemo;
			productReference = DFCF100E959DE56681B85E9C /* CodableDefaultDemo.app */;
			productType = "com.apple.product-type.application";
		};
/* End PBXNativeTarget section */

/* Begin PBXProject section */
		C1556E2ED959B7F2D4E1D7DC /* Project object */ = {
			isa = PBXProject;
			attributes = {
				BuildIndependentTargetsInParallel = YES;
				LastUpgradeCheck = 1430;
				TargetAttributes = {
					8592983D68A7A737826C1AA1 = {
						DevelopmentTeam = "";
						ProvisioningStyle = Automatic;
					};
				};
			};
			buildConfigurationList = 3290FD5D8328BD7D8375495A /* Build configuration list for PBXProject "CodableDefaultDemo" */;
			compatibilityVersion = "Xcode 14.0";
			developmentRegion = en;
			hasScannedForEncodings = 0;
			knownRegions = (
				Base,
				en,
			);
			mainGroup = B0F54346B5A9181E0ECE65BA;
			minimizedProjectReferenceProxies = 1;
			packageReferences = (
				CF477FC5CD35819B16EF94E3 /* XCLocalSwiftPackageReference "../.." */,
			);
			preferredProjectObjectVersion = 77;
			projectDirPath = "";
			projectRoot = "";
			targets = (
				8592983D68A7A737826C1AA1 /* CodableDefaultDemo */,
			);
		};
/* End PBXProject section */

/* Begin PBXResourcesBuildPhase section */
		52D505F8F6536274AE9669AB /* Resources */ = {
			isa = PBXResourcesBuildPhase;
			buildActionMask = 2147483647;
			files = (
				692C9C5E2364397917837D3F /* Assets.xcassets in Resources */,
			);
			runOnlyForDeploymentPostprocessing = 0;
		};
/* End PBXResourcesBuildPhase section */

/* Begin PBXSourcesBuildPhase section */
		03FFA47E2EC37FA574851C1C /* Sources */ = {
			isa = PBXSourcesBuildPhase;
			buildActionMask = 2147483647;
			files = (
				A77518F0014ADC8427E496BF /* CodableDefaultDemoApp.swift in Sources */,
				1AE34F253F82E4D629F362FB /* ContentView.swift in Sources */,
				748E5272EDE06A6705F98B35 /* DemoModels.swift in Sources */,
				29E15C907771E224B95A17B1 /* DemoScenario.swift in Sources */,
				F59D98D077A6EE9AFFE577E6 /* ScenarioDetailView.swift in Sources */,
			);
			runOnlyForDeploymentPostprocessing = 0;
		};
/* End PBXSourcesBuildPhase section */

/* Begin XCBuildConfiguration section */
		66F98C39116EA0541EDBF5BD /* Debug */ = {
			isa = XCBuildConfiguration;
			buildSettings = {
				ASSETCATALOG_COMPILER_APPICON_NAME = AppIcon;
				CODE_SIGN_IDENTITY = "iPhone Developer";
				CODE_SIGN_STYLE = Automatic;
				CURRENT_PROJECT_VERSION = 1;
				DEVELOPMENT_TEAM = "";
				GENERATE_INFOPLIST_FILE = YES;
				INFOPLIST_KEY_UIApplicationSceneManifest_Generation = YES;
				INFOPLIST_KEY_UILaunchScreen_Generation = YES;
				INFOPLIST_KEY_UISupportedInterfaceOrientations_iPhone = UIInterfaceOrientationPortrait;
				LD_RUNPATH_SEARCH_PATHS = (
					"$(inherited)",
					"@executable_path/Frameworks",
				);
				MARKETING_VERSION = 1.0.0;
				PRODUCT_BUNDLE_IDENTIFIER = com.tomisacat.CodableDefaultDemo;
				SDKROOT = iphoneos;
				SWIFT_STRICT_CONCURRENCY = minimal;
				SWIFT_VERSION = 6.0;
				TARGETED_DEVICE_FAMILY = "1,2";
			};
			name = Debug;
		};
		A52FA66AB40883E47763575E /* Release */ = {
			isa = XCBuildConfiguration;
			buildSettings = {
				ASSETCATALOG_COMPILER_APPICON_NAME = AppIcon;
				CODE_SIGN_IDENTITY = "iPhone Developer";
				CODE_SIGN_STYLE = Automatic;
				CURRENT_PROJECT_VERSION = 1;
				DEVELOPMENT_TEAM = "";
				GENERATE_INFOPLIST_FILE = YES;
				INFOPLIST_KEY_UIApplicationSceneManifest_Generation = YES;
				INFOPLIST_KEY_UILaunchScreen_Generation = YES;
				INFOPLIST_KEY_UISupportedInterfaceOrientations_iPhone = UIInterfaceOrientationPortrait;
				LD_RUNPATH_SEARCH_PATHS = (
					"$(inherited)",
					"@executable_path/Frameworks",
				);
				MARKETING_VERSION = 1.0.0;
				PRODUCT_BUNDLE_IDENTIFIER = com.tomisacat.CodableDefaultDemo;
				SDKROOT = iphoneos;
				SWIFT_STRICT_CONCURRENCY = minimal;
				SWIFT_VERSION = 6.0;
				TARGETED_DEVICE_FAMILY = "1,2";
			};
			name = Release;
		};
		DBD20352A804D8E4B7D44724 /* Debug */ = {
			isa = XCBuildConfiguration;
			buildSettings = {
				ALWAYS_SEARCH_USER_PATHS = NO;
				CLANG_ANALYZER_NONNULL = YES;
				CLANG_ANALYZER_NUMBER_OBJECT_CONVERSION = YES_AGGRESSIVE;
				CLANG_CXX_LANGUAGE_STANDARD = "gnu++14";
				CLANG_CXX_LIBRARY = "libc++";
				CLANG_ENABLE_MODULES = YES;
				CLANG_ENABLE_OBJC_ARC = YES;
				CLANG_ENABLE_OBJC_WEAK = YES;
				CLANG_WARN_BLOCK_CAPTURE_AUTORELEASING = YES;
				CLANG_WARN_BOOL_CONVERSION = YES;
				CLANG_WARN_COMMA = YES;
				CLANG_WARN_CONSTANT_CONVERSION = YES;
				CLANG_WARN_DEPRECATED_OBJC_IMPLEMENTATIONS = YES;
				CLANG_WARN_DIRECT_OBJC_ISA_USAGE = YES_ERROR;
				CLANG_WARN_DOCUMENTATION_COMMENTS = YES;
				CLANG_WARN_EMPTY_BODY = YES;
				CLANG_WARN_ENUM_CONVERSION = YES;
				CLANG_WARN_INFINITE_RECURSION = YES;
				CLANG_WARN_INT_CONVERSION = YES;
				CLANG_WARN_NON_LITERAL_NULL_CONVERSION = YES;
				CLANG_WARN_OBJC_IMPLICIT_RETAIN_SELF = YES;
				CLANG_WARN_OBJC_LITERAL_CONVERSION = YES;
				CLANG_WARN_OBJC_ROOT_CLASS = YES_ERROR;
				CLANG_WARN_QUOTED_INCLUDE_IN_FRAMEWORK_HEADER = YES;
				CLANG_WARN_RANGE_LOOP_ANALYSIS = YES;
				CLANG_WARN_STRICT_PROTOTYPES = YES;
				CLANG_WARN_SUSPICIOUS_MOVE = YES;
				CLANG_WARN_UNGUARDED_AVAILABILITY = YES_AGGRESSIVE;
				CLANG_WARN_UNREACHABLE_CODE = YES;
				CLANG_WARN__DUPLICATE_METHOD_MATCH = YES;
				COPY_PHASE_STRIP = NO;
				DEBUG_INFORMATION_FORMAT = dwarf;
				ENABLE_STRICT_OBJC_MSGSEND = YES;
				ENABLE_TESTABILITY = YES;
				GCC_C_LANGUAGE_STANDARD = gnu11;
				GCC_DYNAMIC_NO_PIC = NO;
				GCC_NO_COMMON_BLOCKS = YES;
				GCC_OPTIMIZATION_LEVEL = 0;
				GCC_PREPROCESSOR_DEFINITIONS = (
					"$(inherited)",
					"DEBUG=1",
				);
				GCC_WARN_64_TO_32_BIT_CONVERSION = YES;
				GCC_WARN_ABOUT_RETURN_TYPE = YES_ERROR;
				GCC_WARN_UNDECLARED_SELECTOR = YES;
				GCC_WARN_UNINITIALIZED_AUTOS = YES_AGGRESSIVE;
				GCC_WARN_UNUSED_FUNCTION = YES;
				GCC_WARN_UNUSED_VARIABLE = YES;
				IPHONEOS_DEPLOYMENT_TARGET = 17.0;
				MTL_ENABLE_DEBUG_INFO = INCLUDE_SOURCE;
				MTL_FAST_MATH = YES;
				ONLY_ACTIVE_ARCH = YES;
				PRODUCT_NAME = "$(TARGET_NAME)";
				SDKROOT = iphoneos;
				SWIFT_ACTIVE_COMPILATION_CONDITIONS = DEBUG;
				SWIFT_OPTIMIZATION_LEVEL = "-Onone";
				SWIFT_VERSION = 5.0;
			};
			name = Debug;
		};
		F31FB5E641FF799BD4DF2A89 /* Release */ = {
			isa = XCBuildConfiguration;
			buildSettings = {
				ALWAYS_SEARCH_USER_PATHS = NO;
				CLANG_ANALYZER_NONNULL = YES;
				CLANG_ANALYZER_NUMBER_OBJECT_CONVERSION = YES_AGGRESSIVE;
				CLANG_CXX_LANGUAGE_STANDARD = "gnu++14";
				CLANG_CXX_LIBRARY = "libc++";
				CLANG_ENABLE_MODULES = YES;
				CLANG_ENABLE_OBJC_ARC = YES;
				CLANG_ENABLE_OBJC_WEAK = YES;
				CLANG_WARN_BLOCK_CAPTURE_AUTORELEASING = YES;
				CLANG_WARN_BOOL_CONVERSION = YES;
				CLANG_WARN_COMMA = YES;
				CLANG_WARN_CONSTANT_CONVERSION = YES;
				CLANG_WARN_DEPRECATED_OBJC_IMPLEMENTATIONS = YES;
				CLANG_WARN_DIRECT_OBJC_ISA_USAGE = YES_ERROR;
				CLANG_WARN_DOCUMENTATION_COMMENTS = YES;
				CLANG_WARN_EMPTY_BODY = YES;
				CLANG_WARN_ENUM_CONVERSION = YES;
				CLANG_WARN_INFINITE_RECURSION = YES;
				CLANG_WARN_INT_CONVERSION = YES;
				CLANG_WARN_NON_LITERAL_NULL_CONVERSION = YES;
				CLANG_WARN_OBJC_IMPLICIT_RETAIN_SELF = YES;
				CLANG_WARN_OBJC_LITERAL_CONVERSION = YES;
				CLANG_WARN_OBJC_ROOT_CLASS = YES_ERROR;
				CLANG_WARN_QUOTED_INCLUDE_IN_FRAMEWORK_HEADER = YES;
				CLANG_WARN_RANGE_LOOP_ANALYSIS = YES;
				CLANG_WARN_STRICT_PROTOTYPES = YES;
				CLANG_WARN_SUSPICIOUS_MOVE = YES;
				CLANG_WARN_UNGUARDED_AVAILABILITY = YES_AGGRESSIVE;
				CLANG_WARN_UNREACHABLE_CODE = YES;
				CLANG_WARN__DUPLICATE_METHOD_MATCH = YES;
				COPY_PHASE_STRIP = NO;
				DEBUG_INFORMATION_FORMAT = "dwarf-with-dsym";
				ENABLE_NS_ASSERTIONS = NO;
				ENABLE_STRICT_OBJC_MSGSEND = YES;
				GCC_C_LANGUAGE_STANDARD = gnu11;
				GCC_NO_COMMON_BLOCKS = YES;
				GCC_WARN_64_TO_32_BIT_CONVERSION = YES;
				GCC_WARN_ABOUT_RETURN_TYPE = YES_ERROR;
				GCC_WARN_UNDECLARED_SELECTOR = YES;
				GCC_WARN_UNINITIALIZED_AUTOS = YES_AGGRESSIVE;
				GCC_WARN_UNUSED_FUNCTION = YES;
				GCC_WARN_UNUSED_VARIABLE = YES;
				IPHONEOS_DEPLOYMENT_TARGET = 17.0;
				MTL_ENABLE_DEBUG_INFO = NO;
				MTL_FAST_MATH = YES;
				PRODUCT_NAME = "$(TARGET_NAME)";
				SDKROOT = iphoneos;
				SWIFT_COMPILATION_MODE = wholemodule;
				SWIFT_OPTIMIZATION_LEVEL = "-O";
				SWIFT_VERSION = 5.0;
			};
			name = Release;
		};
/* End XCBuildConfiguration section */

/* Begin XCConfigurationList section */
		0CC7B1C73EF4EAFB838FD382 /* Build configuration list for PBXNativeTarget "CodableDefaultDemo" */ = {
			isa = XCConfigurationList;
			buildConfigurations = (
				66F98C39116EA0541EDBF5BD /* Debug */,
				A52FA66AB40883E47763575E /* Release */,
			);
			defaultConfigurationIsVisible = 0;
			defaultConfigurationName = Debug;
		};
		3290FD5D8328BD7D8375495A /* Build configuration list for PBXProject "CodableDefaultDemo" */ = {
			isa = XCConfigurationList;
			buildConfigurations = (
				DBD20352A804D8E4B7D44724 /* Debug */,
				F31FB5E641FF799BD4DF2A89 /* Release */,
			);
			defaultConfigurationIsVisible = 0;
			defaultConfigurationName = Debug;
		};
/* End XCConfigurationList section */

/* Begin XCLocalSwiftPackageReference section */
		CF477FC5CD35819B16EF94E3 /* XCLocalSwiftPackageReference "../.." */ = {
			isa = XCLocalSwiftPackageReference;
			relativePath = ../..;
		};
/* End XCLocalSwiftPackageReference section */

/* Begin XCSwiftPackageProductDependency section */
		97C21E4F75964031D011F311 /* CodableDefault */ = {
			isa = XCSwiftPackageProductDependency;
			productName = CodableDefault;
		};
/* End XCSwiftPackageProductDependency section */
	};
	rootObject = C1556E2ED959B7F2D4E1D7DC /* Project object */;
}
